
Microsoft Visual Studio Solution File, Format Version 12.00
# Visual Studio Version 17
VisualStudioVersion = 17.1.32328.378
MinimumVisualStudioVersion = 10.0.40219.1
Project("{FAE04EC0-301F-11D3-BF4B-00C04F79EFBC}") = "MVC_Git", "MVC_Git.csproj", "{58ECCD18-4D01-4EE5-8E42-72EEA67E7E6F}"
EndProject
Project("{FAE04EC0-301F-11D3-BF4B-00C04F79EFBC}") = "Business_Layer", "Business_Layer\Business_Layer.csproj", "{4F032AF2-67AA-410E-BBB5-24F02FA81274}"
EndProject
Project("{FAE04EC0-301F-11D3-BF4B-00C04F79EFBC}") = "DAL_Layer", "DAL_Layer\DAL_Layer.csproj", "{AB38F0EB-9A33-4614-AED1-53E1AA3FC449}"
EndProject
Global
	GlobalSection(SolutionConfigurationPlatforms) = preSolution
		Debug|Any CPU = Debug|Any CPU
		Release|Any CPU = Release|Any CPU
	EndGlobalSection
	GlobalSection(ProjectConfigurationPlatforms) = postSolution
		{58ECCD18-4D01-4EE5-8E42-72EEA67E7E6F}.Debug|Any CPU.ActiveCfg = Debug|Any CPU
		{58ECCD18-4D01-4EE5-8E42-72EEA67E7E6F}.Debug|Any CPU.Build.0 = Debug|Any CPU
		{58ECCD18-4D01-4EE5-8E42-72EEA67E7E6F}.Release|Any CPU.ActiveCfg = Release|Any CPU
		{58ECCD18-4D01-4EE5-8E42-72EEA67E7E6F}.Release|Any CPU.Build.0 = Release|Any CPU
		{4F032AF2-67AA-410E-BBB5-24F02FA81274}.Debug|Any CPU.ActiveCfg = Debug|Any CPU
		{4F032AF2-67AA-410E-BBB5-24F02FA81274}.Debug|Any CPU.Build.0 = Debug|Any CPU
		{4F032AF2-67AA-410E-BBB5-24F02FA81274}.Release|Any CPU.ActiveCfg = Release|Any CPU
		{4F032AF2-67AA-410E-BBB5-24F02FA81274}.Release|Any CPU.Build.0 = Release|Any CPU
		{AB38F0EB-9A33-4614-AED1-53E1AA3FC449}.Debug|Any CPU.ActiveCfg = Debug|Any CPU
		{AB38F0EB-9A33-4614-AED1-53E1AA3FC449}.Debug|Any CPU.Build.0 = Debug|Any CPU
		{AB38F0EB-9A33-4614-AED1-53E1AA3FC449}.Release|Any CPU.ActiveCfg = Release|Any CPU
		{AB38F0EB-9A33-4614-AED1-53E1AA3FC449}.Release|Any CPU.Build.0 = Release|Any CPU
	EndGlobalSection
	GlobalSection(SolutionProperties) = preSolution
		HideSolutionNode = FALSE
	EndGlobalSection
	GlobalSection(ExtensibilityGlobals) = postSolution
		SolutionGuid = {97E858D7-A8BE-438E-BC6D-8CC93202ADBB}
	EndGlobalSection
EndGlobal
